// !$*UTF8*$!
{
	archiveVersion = 1;
	classes = {
	};
	objectVersion = 51;
	objects = {

/* Begin PBXBuildFile section */
		54AF18A869FED95DEF4C536F /* Pods_Grrind_FitnessTests.framework in Frameworks */ = {isa = PBXBuildFile; fileRef = 19C32E475A99A1AC6035B39D /* Pods_Grrind_FitnessTests.framework */; };
		6CAD3941229429B54C960BE0 /* Pods_Grrind_Fitness.framework in Frameworks */ = {isa = PBXBuildFile; fileRef = 7EEC45CA2D0286DBC947633E /* Pods_Grrind_Fitness.framework */; };
		B55B1A96243F93C7005E3225 /* ResetPasswordViewController.swift in Sources */ = {isa = PBXBuildFile; fileRef = B55B1A95243F93C7005E3225 /* ResetPasswordViewController.swift */; };
		B55B1A982440D699005E3225 /* Constants.swift in Sources */ = {isa = PBXBuildFile; fileRef = B55B1A972440D699005E3225 /* Constants.swift */; };
		B57916E52447217F00639FCF /* FacebookRegisterViewController.swift in Sources */ = {isa = PBXBuildFile; fileRef = B57916E42447217F00639FCF /* FacebookRegisterViewController.swift */; };
		B5AE8B8524546098000D4C87 /* UpdateEmailVC.swift in Sources */ = {isa = PBXBuildFile; fileRef = B5AE8B8424546098000D4C87 /* UpdateEmailVC.swift */; };
		B5AE8B87245461C8000D4C87 /* UpdatePasswordVC.swift in Sources */ = {isa = PBXBuildFile; fileRef = B5AE8B86245461C8000D4C87 /* UpdatePasswordVC.swift */; };
		B5AE8B892454620D000D4C87 /* PasswordResetPopUpVc.swift in Sources */ = {isa = PBXBuildFile; fileRef = B5AE8B882454620D000D4C87 /* PasswordResetPopUpVc.swift */; };
		B5AE8B8B24546294000D4C87 /* OnBoardStepOneVC.swift in Sources */ = {isa = PBXBuildFile; fileRef = B5AE8B8A24546294000D4C87 /* OnBoardStepOneVC.swift */; };
		B5AE8B8D245462B1000D4C87 /* OnBoardStepTwoVC.swift in Sources */ = {isa = PBXBuildFile; fileRef = B5AE8B8C245462B1000D4C87 /* OnBoardStepTwoVC.swift */; };
		B5AE8B8F245462C7000D4C87 /* OnBoardStepThreeVC.swift in Sources */ = {isa = PBXBuildFile; fileRef = B5AE8B8E245462C6000D4C87 /* OnBoardStepThreeVC.swift */; };
		B5AE8B9124546302000D4C87 /* TermsOfUseVC.swift in Sources */ = {isa = PBXBuildFile; fileRef = B5AE8B9024546302000D4C87 /* TermsOfUseVC.swift */; };
		B5AE8B9324546321000D4C87 /* PrivacyPolicyVC.swift in Sources */ = {isa = PBXBuildFile; fileRef = B5AE8B9224546321000D4C87 /* PrivacyPolicyVC.swift */; };
		B5AE8B952454633C000D4C87 /* ContactUsVC.swift in Sources */ = {isa = PBXBuildFile; fileRef = B5AE8B942454633C000D4C87 /* ContactUsVC.swift */; };
		B5AE8B9724546374000D4C87 /* FeedBackSentPopUpVC.swift in Sources */ = {isa = PBXBuildFile; fileRef = B5AE8B9624546374000D4C87 /* FeedBackSentPopUpVC.swift */; };
		B5AE8B9924546394000D4C87 /* CheckYourEmailPopUpVC.swift in Sources */ = {isa = PBXBuildFile; fileRef = B5AE8B9824546394000D4C87 /* CheckYourEmailPopUpVC.swift */; };
		B5AE8B9B245463B9000D4C87 /* UnSavedChangesPopUpVC.swift in Sources */ = {isa = PBXBuildFile; fileRef = B5AE8B9A245463B9000D4C87 /* UnSavedChangesPopUpVC.swift */; };
		B5AE8B9D245468AD000D4C87 /* SettingsVM.swift in Sources */ = {isa = PBXBuildFile; fileRef = B5AE8B9C245468AD000D4C87 /* SettingsVM.swift */; };
		B5AE8B9F2454704F000D4C87 /* AccountInfoVM.swift in Sources */ = {isa = PBXBuildFile; fileRef = B5AE8B9E2454704F000D4C87 /* AccountInfoVM.swift */; };
		B5AE8BA124547268000D4C87 /* ContactUsVM.swift in Sources */ = {isa = PBXBuildFile; fileRef = B5AE8BA024547268000D4C87 /* ContactUsVM.swift */; };
		B5AE8BA5245475D1000D4C87 /* placeHolderPushUp.mp4 in Resources */ = {isa = PBXBuildFile; fileRef = B5AE8BA4245475D1000D4C87 /* placeHolderPushUp.mp4 */; };
		B5AE8BA724547A35000D4C87 /* WorkoutVideoVC.swift in Sources */ = {isa = PBXBuildFile; fileRef = B5AE8BA624547A35000D4C87 /* WorkoutVideoVC.swift */; };
		B5AE8BA924547A85000D4C87 /* WorkOutVideoVM.swift in Sources */ = {isa = PBXBuildFile; fileRef = B5AE8BA824547A85000D4C87 /* WorkOutVideoVM.swift */; };
		B5AE8BAB2454B5D7000D4C87 /* AudioSettingsPopupVC.swift in Sources */ = {isa = PBXBuildFile; fileRef = B5AE8BAA2454B5D7000D4C87 /* AudioSettingsPopupVC.swift */; };
		B5AE8BAD2454C1AA000D4C87 /* WorkoutLengthPopupVC.swift in Sources */ = {isa = PBXBuildFile; fileRef = B5AE8BAC2454C1AA000D4C87 /* WorkoutLengthPopupVC.swift */; };
		B5B7FBFA2444880E00423230 /* HomeViewController.swift in Sources */ = {isa = PBXBuildFile; fileRef = B5B7FBF92444880D00423230 /* HomeViewController.swift */; };
		B5B7FBFC2445CC5C00423230 /* RegisterViewController.swift in Sources */ = {isa = PBXBuildFile; fileRef = B5B7FBFB2445CC5C00423230 /* RegisterViewController.swift */; };
		B5ECB26324585684004F8D04 /* RemindersVM.swift in Sources */ = {isa = PBXBuildFile; fileRef = B5ECB26224585684004F8D04 /* RemindersVM.swift */; };
		B5F94BA7245073F60011A593 /* AccountInfoViewController.swift in Sources */ = {isa = PBXBuildFile; fileRef = B5F94BA6245073F60011A593 /* AccountInfoViewController.swift */; };
		B5F94BA9245085790011A593 /* AccountInfoCell.swift in Sources */ = {isa = PBXBuildFile; fileRef = B5F94BA8245085790011A593 /* AccountInfoCell.swift */; };
		CE58FF8E243E364B009D5E0B /* AppDelegate.swift in Sources */ = {isa = PBXBuildFile; fileRef = CE58FF8D243E364B009D5E0B /* AppDelegate.swift */; };
		CE58FF90243E364B009D5E0B /* SceneDelegate.swift in Sources */ = {isa = PBXBuildFile; fileRef = CE58FF8F243E364B009D5E0B /* SceneDelegate.swift */; };
		CE58FF92243E364B009D5E0B /* ViewController.swift in Sources */ = {isa = PBXBuildFile; fileRef = CE58FF91243E364B009D5E0B /* ViewController.swift */; };
		CE58FF95243E364B009D5E0B /* Main.storyboard in Resources */ = {isa = PBXBuildFile; fileRef = CE58FF93243E364B009D5E0B /* Main.storyboard */; };
		CE58FF97243E364D009D5E0B /* Assets.xcassets in Resources */ = {isa = PBXBuildFile; fileRef = CE58FF96243E364D009D5E0B /* Assets.xcassets */; };
		CE58FF9A243E364D009D5E0B /* LaunchScreen.storyboard in Resources */ = {isa = PBXBuildFile; fileRef = CE58FF98243E364D009D5E0B /* LaunchScreen.storyboard */; };
		CE58FFA5243E364E009D5E0B /* Grrind_FitnessTests.swift in Sources */ = {isa = PBXBuildFile; fileRef = CE58FFA4243E364E009D5E0B /* Grrind_FitnessTests.swift */; };
		CE58FFB0243E364E009D5E0B /* Grrind_FitnessUITests.swift in Sources */ = {isa = PBXBuildFile; fileRef = CE58FFAF243E364E009D5E0B /* Grrind_FitnessUITests.swift */; };
		CE5C9A5E245739F700A18CC9 /* RemindersVC.swift in Sources */ = {isa = PBXBuildFile; fileRef = CE5C9A5D245739F700A18CC9 /* RemindersVC.swift */; };
		CE5C9A6024573A2C00A18CC9 /* RemindersCell.swift in Sources */ = {isa = PBXBuildFile; fileRef = CE5C9A5F24573A2C00A18CC9 /* RemindersCell.swift */; };
		CE5C9A622457418500A18CC9 /* AddRemindersVC.swift in Sources */ = {isa = PBXBuildFile; fileRef = CE5C9A612457418500A18CC9 /* AddRemindersVC.swift */; };
		CE7FE913243E5BB90065623E /* Extentions.swift in Sources */ = {isa = PBXBuildFile; fileRef = CE7FE912243E5BB90065623E /* Extentions.swift */; };
		CE7FE915243E74C60065623E /* ForgotPasswordViewController.swift in Sources */ = {isa = PBXBuildFile; fileRef = CE7FE914243E74C60065623E /* ForgotPasswordViewController.swift */; };
		CE81E7F5244246EC00F7E126 /* SettingsViewController.swift in Sources */ = {isa = PBXBuildFile; fileRef = CE81E7F4244246EC00F7E126 /* SettingsViewController.swift */; };
		CE81E7F92442517700F7E126 /* SettingsCell.swift in Sources */ = {isa = PBXBuildFile; fileRef = CE81E7F82442517700F7E126 /* SettingsCell.swift */; };
		D9A8C98FEC8C23F895C66B98 /* Pods_Grrind_Fitness_Grrind_FitnessUITests.framework in Frameworks */ = {isa = PBXBuildFile; fileRef = 3D6A34EB280BDDA695D3F5C3 /* Pods_Grrind_Fitness_Grrind_FitnessUITests.framework */; };
/* End PBXBuildFile section */

/* Begin PBXContainerItemProxy section */
		CE58FFA1243E364E009D5E0B /* PBXContainerItemProxy */ = {
			isa = PBXContainerItemProxy;
			containerPortal = CE58FF82243E364B009D5E0B /* Project object */;
			proxyType = 1;
			remoteGlobalIDString = CE58FF89243E364B009D5E0B;
			remoteInfo = "Grrind Fitness";
		};
		CE58FFAC243E364E009D5E0B /* PBXContainerItemProxy */ = {
			isa = PBXContainerItemProxy;
			containerPortal = CE58FF82243E364B009D5E0B /* Project object */;
			proxyType = 1;
			remoteGlobalIDString = CE58FF89243E364B009D5E0B;
			remoteInfo = "Grrind Fitness";
		};
/* End PBXContainerItemProxy section */

/* Begin PBXFileReference section */
		19C32E475A99A1AC6035B39D /* Pods_Grrind_FitnessTests.framework */ = {isa = PBXFileReference; explicitFileType = wrapper.framework; includeInIndex = 0; path = Pods_Grrind_FitnessTests.framework; sourceTree = BUILT_PRODUCTS_DIR; };
		1DD904DAC334140124D9EF6E /* Pods-Grrind Fitness-Grrind FitnessUITests.debug.xcconfig */ = {isa = PBXFileReference; includeInIndex = 1; lastKnownFileType = text.xcconfig; name = "Pods-Grrind Fitness-Grrind FitnessUITests.debug.xcconfig"; path = "Target Support Files/Pods-Grrind Fitness-Grrind FitnessUITests/Pods-Grrind Fitness-Grrind FitnessUITests.debug.xcconfig"; sourceTree = "<group>"; };
		3231BCB3CFA6BBC24DB33CC0 /* Pods-Grrind Fitness.debug.xcconfig */ = {isa = PBXFileReference; includeInIndex = 1; lastKnownFileType = text.xcconfig; name = "Pods-Grrind Fitness.debug.xcconfig"; path = "Target Support Files/Pods-Grrind Fitness/Pods-Grrind Fitness.debug.xcconfig"; sourceTree = "<group>"; };
		3D6A34EB280BDDA695D3F5C3 /* Pods_Grrind_Fitness_Grrind_FitnessUITests.framework */ = {isa = PBXFileReference; explicitFileType = wrapper.framework; includeInIndex = 0; path = Pods_Grrind_Fitness_Grrind_FitnessUITests.framework; sourceTree = BUILT_PRODUCTS_DIR; };
		596916018D92F25177EC5425 /* Pods-Grrind Fitness-Grrind FitnessUITests.release.xcconfig */ = {isa = PBXFileReference; includeInIndex = 1; lastKnownFileType = text.xcconfig; name = "Pods-Grrind Fitness-Grrind FitnessUITests.release.xcconfig"; path = "Target Support Files/Pods-Grrind Fitness-Grrind FitnessUITests/Pods-Grrind Fitness-Grrind FitnessUITests.release.xcconfig"; sourceTree = "<group>"; };
		7EEC45CA2D0286DBC947633E /* Pods_Grrind_Fitness.framework */ = {isa = PBXFileReference; explicitFileType = wrapper.framework; includeInIndex = 0; path = Pods_Grrind_Fitness.framework; sourceTree = BUILT_PRODUCTS_DIR; };
		84D2797FFBAE70E4E6D12F58 /* Pods-Grrind FitnessTests.debug.xcconfig */ = {isa = PBXFileReference; includeInIndex = 1; lastKnownFileType = text.xcconfig; name = "Pods-Grrind FitnessTests.debug.xcconfig"; path = "Target Support Files/Pods-Grrind FitnessTests/Pods-Grrind FitnessTests.debug.xcconfig"; sourceTree = "<group>"; };
		B55B1A95243F93C7005E3225 /* ResetPasswordViewController.swift */ = {isa = PBXFileReference; lastKnownFileType = sourcecode.swift; path = ResetPasswordViewController.swift; sourceTree = "<group>"; };
		B55B1A972440D699005E3225 /* Constants.swift */ = {isa = PBXFileReference; lastKnownFileType = sourcecode.swift; path = Constants.swift; sourceTree = "<group>"; };
		B57916E42447217F00639FCF /* FacebookRegisterViewController.swift */ = {isa = PBXFileReference; lastKnownFileType = sourcecode.swift; path = FacebookRegisterViewController.swift; sourceTree = "<group>"; };
		B5AE8B8424546098000D4C87 /* UpdateEmailVC.swift */ = {isa = PBXFileReference; lastKnownFileType = sourcecode.swift; path = UpdateEmailVC.swift; sourceTree = "<group>"; };
		B5AE8B86245461C8000D4C87 /* UpdatePasswordVC.swift */ = {isa = PBXFileReference; lastKnownFileType = sourcecode.swift; path = UpdatePasswordVC.swift; sourceTree = "<group>"; };
		B5AE8B882454620D000D4C87 /* PasswordResetPopUpVc.swift */ = {isa = PBXFileReference; lastKnownFileType = sourcecode.swift; path = PasswordResetPopUpVc.swift; sourceTree = "<group>"; };
		B5AE8B8A24546294000D4C87 /* OnBoardStepOneVC.swift */ = {isa = PBXFileReference; lastKnownFileType = sourcecode.swift; path = OnBoardStepOneVC.swift; sourceTree = "<group>"; };
		B5AE8B8C245462B1000D4C87 /* OnBoardStepTwoVC.swift */ = {isa = PBXFileReference; lastKnownFileType = sourcecode.swift; path = OnBoardStepTwoVC.swift; sourceTree = "<group>"; };
		B5AE8B8E245462C6000D4C87 /* OnBoardStepThreeVC.swift */ = {isa = PBXFileReference; lastKnownFileType = sourcecode.swift; path = OnBoardStepThreeVC.swift; sourceTree = "<group>"; };
		B5AE8B9024546302000D4C87 /* TermsOfUseVC.swift */ = {isa = PBXFileReference; lastKnownFileType = sourcecode.swift; path = TermsOfUseVC.swift; sourceTree = "<group>"; };
		B5AE8B9224546321000D4C87 /* PrivacyPolicyVC.swift */ = {isa = PBXFileReference; lastKnownFileType = sourcecode.swift; path = PrivacyPolicyVC.swift; sourceTree = "<group>"; };
		B5AE8B942454633C000D4C87 /* ContactUsVC.swift */ = {isa = PBXFileReference; lastKnownFileType = sourcecode.swift; path = ContactUsVC.swift; sourceTree = "<group>"; };
		B5AE8B9624546374000D4C87 /* FeedBackSentPopUpVC.swift */ = {isa = PBXFileReference; lastKnownFileType = sourcecode.swift; path = FeedBackSentPopUpVC.swift; sourceTree = "<group>"; };
		B5AE8B9824546394000D4C87 /* CheckYourEmailPopUpVC.swift */ = {isa = PBXFileReference; lastKnownFileType = sourcecode.swift; path = CheckYourEmailPopUpVC.swift; sourceTree = "<group>"; };
		B5AE8B9A245463B9000D4C87 /* UnSavedChangesPopUpVC.swift */ = {isa = PBXFileReference; lastKnownFileType = sourcecode.swift; path = UnSavedChangesPopUpVC.swift; sourceTree = "<group>"; };
		B5AE8B9C245468AD000D4C87 /* SettingsVM.swift */ = {isa = PBXFileReference; lastKnownFileType = sourcecode.swift; path = SettingsVM.swift; sourceTree = "<group>"; };
		B5AE8B9E2454704F000D4C87 /* AccountInfoVM.swift */ = {isa = PBXFileReference; lastKnownFileType = sourcecode.swift; path = AccountInfoVM.swift; sourceTree = "<group>"; };
		B5AE8BA024547268000D4C87 /* ContactUsVM.swift */ = {isa = PBXFileReference; lastKnownFileType = sourcecode.swift; path = ContactUsVM.swift; sourceTree = "<group>"; };
		B5AE8BA4245475D1000D4C87 /* placeHolderPushUp.mp4 */ = {isa = PBXFileReference; lastKnownFileType = file; path = placeHolderPushUp.mp4; sourceTree = "<group>"; };
		B5AE8BA624547A35000D4C87 /* WorkoutVideoVC.swift */ = {isa = PBXFileReference; lastKnownFileType = sourcecode.swift; path = WorkoutVideoVC.swift; sourceTree = "<group>"; };
		B5AE8BA824547A85000D4C87 /* WorkOutVideoVM.swift */ = {isa = PBXFileReference; lastKnownFileType = sourcecode.swift; path = WorkOutVideoVM.swift; sourceTree = "<group>"; };
		B5AE8BAA2454B5D7000D4C87 /* AudioSettingsPopupVC.swift */ = {isa = PBXFileReference; lastKnownFileType = sourcecode.swift; path = AudioSettingsPopupVC.swift; sourceTree = "<group>"; };
		B5AE8BAC2454C1AA000D4C87 /* WorkoutLengthPopupVC.swift */ = {isa = PBXFileReference; lastKnownFileType = sourcecode.swift; path = WorkoutLengthPopupVC.swift; sourceTree = "<group>"; };
		B5B7FBF92444880D00423230 /* HomeViewController.swift */ = {isa = PBXFileReference; lastKnownFileType = sourcecode.swift; path = HomeViewController.swift; sourceTree = "<group>"; };
		B5B7FBFB2445CC5C00423230 /* RegisterViewController.swift */ = {isa = PBXFileReference; lastKnownFileType = sourcecode.swift; path = RegisterViewController.swift; sourceTree = "<group>"; };
		B5ECB26224585684004F8D04 /* RemindersVM.swift */ = {isa = PBXFileReference; lastKnownFileType = sourcecode.swift; path = RemindersVM.swift; sourceTree = "<group>"; };
		B5F94BA6245073F60011A593 /* AccountInfoViewController.swift */ = {isa = PBXFileReference; lastKnownFileType = sourcecode.swift; path = AccountInfoViewController.swift; sourceTree = "<group>"; };
		B5F94BA8245085790011A593 /* AccountInfoCell.swift */ = {isa = PBXFileReference; lastKnownFileType = sourcecode.swift; path = AccountInfoCell.swift; sourceTree = "<group>"; };
		BC00B21BA7F0164C89F5ADCB /* Pods-Grrind Fitness.release.xcconfig */ = {isa = PBXFileReference; includeInIndex = 1; lastKnownFileType = text.xcconfig; name = "Pods-Grrind Fitness.release.xcconfig"; path = "Target Support Files/Pods-Grrind Fitness/Pods-Grrind Fitness.release.xcconfig"; sourceTree = "<group>"; };
		CE58FF8A243E364B009D5E0B /* Grrind Fitness.app */ = {isa = PBXFileReference; explicitFileType = wrapper.application; includeInIndex = 0; path = "Grrind Fitness.app"; sourceTree = BUILT_PRODUCTS_DIR; };
		CE58FF8D243E364B009D5E0B /* AppDelegate.swift */ = {isa = PBXFileReference; lastKnownFileType = sourcecode.swift; path = AppDelegate.swift; sourceTree = "<group>"; };
		CE58FF8F243E364B009D5E0B /* SceneDelegate.swift */ = {isa = PBXFileReference; lastKnownFileType = sourcecode.swift; path = SceneDelegate.swift; sourceTree = "<group>"; };
		CE58FF91243E364B009D5E0B /* ViewController.swift */ = {isa = PBXFileReference; lastKnownFileType = sourcecode.swift; path = ViewController.swift; sourceTree = "<group>"; };
		CE58FF94243E364B009D5E0B /* Base */ = {isa = PBXFileReference; lastKnownFileType = file.storyboard; name = Base; path = Base.lproj/Main.storyboard; sourceTree = "<group>"; };
		CE58FF96243E364D009D5E0B /* Assets.xcassets */ = {isa = PBXFileReference; lastKnownFileType = folder.assetcatalog; path = Assets.xcassets; sourceTree = "<group>"; };
		CE58FF99243E364D009D5E0B /* Base */ = {isa = PBXFileReference; lastKnownFileType = file.storyboard; name = Base; path = Base.lproj/LaunchScreen.storyboard; sourceTree = "<group>"; };
		CE58FF9B243E364D009D5E0B /* Info.plist */ = {isa = PBXFileReference; lastKnownFileType = text.plist.xml; path = Info.plist; sourceTree = "<group>"; };
		CE58FFA0243E364E009D5E0B /* Grrind FitnessTests.xctest */ = {isa = PBXFileReference; explicitFileType = wrapper.cfbundle; includeInIndex = 0; path = "Grrind FitnessTests.xctest"; sourceTree = BUILT_PRODUCTS_DIR; };
		CE58FFA4243E364E009D5E0B /* Grrind_FitnessTests.swift */ = {isa = PBXFileReference; lastKnownFileType = sourcecode.swift; path = Grrind_FitnessTests.swift; sourceTree = "<group>"; };
		CE58FFA6243E364E009D5E0B /* Info.plist */ = {isa = PBXFileReference; lastKnownFileType = text.plist.xml; path = Info.plist; sourceTree = "<group>"; };
		CE58FFAB243E364E009D5E0B /* Grrind FitnessUITests.xctest */ = {isa = PBXFileReference; explicitFileType = wrapper.cfbundle; includeInIndex = 0; path = "Grrind FitnessUITests.xctest"; sourceTree = BUILT_PRODUCTS_DIR; };
		CE58FFAF243E364E009D5E0B /* Grrind_FitnessUITests.swift */ = {isa = PBXFileReference; lastKnownFileType = sourcecode.swift; path = Grrind_FitnessUITests.swift; sourceTree = "<group>"; };
		CE58FFB1243E364E009D5E0B /* Info.plist */ = {isa = PBXFileReference; lastKnownFileType = text.plist.xml; path = Info.plist; sourceTree = "<group>"; };
		CE5C9A5D245739F700A18CC9 /* RemindersVC.swift */ = {isa = PBXFileReference; lastKnownFileType = sourcecode.swift; path = RemindersVC.swift; sourceTree = "<group>"; };
		CE5C9A5F24573A2C00A18CC9 /* RemindersCell.swift */ = {isa = PBXFileReference; lastKnownFileType = sourcecode.swift; path = RemindersCell.swift; sourceTree = "<group>"; };
		CE5C9A612457418500A18CC9 /* AddRemindersVC.swift */ = {isa = PBXFileReference; lastKnownFileType = sourcecode.swift; path = AddRemindersVC.swift; sourceTree = "<group>"; };
		CE7FE912243E5BB90065623E /* Extentions.swift */ = {isa = PBXFileReference; lastKnownFileType = sourcecode.swift; path = Extentions.swift; sourceTree = "<group>"; };
		CE7FE914243E74C60065623E /* ForgotPasswordViewController.swift */ = {isa = PBXFileReference; lastKnownFileType = sourcecode.swift; path = ForgotPasswordViewController.swift; sourceTree = "<group>"; };
		CE81E7F4244246EC00F7E126 /* SettingsViewController.swift */ = {isa = PBXFileReference; lastKnownFileType = sourcecode.swift; path = SettingsViewController.swift; sourceTree = "<group>"; };
		CE81E7F82442517700F7E126 /* SettingsCell.swift */ = {isa = PBXFileReference; lastKnownFileType = sourcecode.swift; path = SettingsCell.swift; sourceTree = "<group>"; };
		FEEEC80B89143B9DC47B2213 /* Pods-Grrind FitnessTests.release.xcconfig */ = {isa = PBXFileReference; includeInIndex = 1; lastKnownFileType = text.xcconfig; name = "Pods-Grrind FitnessTests.release.xcconfig"; path = "Target Support Files/Pods-Grrind FitnessTests/Pods-Grrind FitnessTests.release.xcconfig"; sourceTree = "<group>"; };
/* End PBXFileReference section */

/* Begin PBXFrameworksBuildPhase section */
		CE58FF87243E364B009D5E0B /* Frameworks */ = {
			isa = PBXFrameworksBuildPhase;
			buildActionMask = 2147483647;
			files = (
				6CAD3941229429B54C960BE0 /* Pods_Grrind_Fitness.framework in Frameworks */,
			);
			runOnlyForDeploymentPostprocessing = 0;
		};
		CE58FF9D243E364E009D5E0B /* Frameworks */ = {
			isa = PBXFrameworksBuildPhase;
			buildActionMask = 2147483647;
			files = (
				54AF18A869FED95DEF4C536F /* Pods_Grrind_FitnessTests.framework in Frameworks */,
			);
			runOnlyForDeploymentPostprocessing = 0;
		};
		CE58FFA8243E364E009D5E0B /* Frameworks */ = {
			isa = PBXFrameworksBuildPhase;
			buildActionMask = 2147483647;
			files = (
				D9A8C98FEC8C23F895C66B98 /* Pods_Grrind_Fitness_Grrind_FitnessUITests.framework in Frameworks */,
			);
			runOnlyForDeploymentPostprocessing = 0;
		};
/* End PBXFrameworksBuildPhase section */

/* Begin PBXGroup section */
		711852B5F79419BB36E4E63F /* Pods */ = {
			isa = PBXGroup;
			children = (
				3231BCB3CFA6BBC24DB33CC0 /* Pods-Grrind Fitness.debug.xcconfig */,
				BC00B21BA7F0164C89F5ADCB /* Pods-Grrind Fitness.release.xcconfig */,
				1DD904DAC334140124D9EF6E /* Pods-Grrind Fitness-Grrind FitnessUITests.debug.xcconfig */,
				596916018D92F25177EC5425 /* Pods-Grrind Fitness-Grrind FitnessUITests.release.xcconfig */,
				84D2797FFBAE70E4E6D12F58 /* Pods-Grrind FitnessTests.debug.xcconfig */,
				FEEEC80B89143B9DC47B2213 /* Pods-Grrind FitnessTests.release.xcconfig */,
			);
			path = Pods;
			sourceTree = "<group>";
		};
		A8F71146C108F508B24F0FDB /* Frameworks */ = {
			isa = PBXGroup;
			children = (
				7EEC45CA2D0286DBC947633E /* Pods_Grrind_Fitness.framework */,
				3D6A34EB280BDDA695D3F5C3 /* Pods_Grrind_Fitness_Grrind_FitnessUITests.framework */,
				19C32E475A99A1AC6035B39D /* Pods_Grrind_FitnessTests.framework */,
			);
			name = Frameworks;
			sourceTree = "<group>";
		};
		B5AE8BA2245475B2000D4C87 /* Resources */ = {
			isa = PBXGroup;
			children = (
				B5AE8BA3245475BC000D4C87 /* Videos */,
			);
			path = Resources;
			sourceTree = "<group>";
		};
		B5AE8BA3245475BC000D4C87 /* Videos */ = {
			isa = PBXGroup;
			children = (
				B5AE8BA4245475D1000D4C87 /* placeHolderPushUp.mp4 */,
			);
			path = Videos;
			sourceTree = "<group>";
		};
		CE58FF81243E364B009D5E0B = {
			isa = PBXGroup;
			children = (
				CE58FF8C243E364B009D5E0B /* Grrind Fitness */,
				CE58FFA3243E364E009D5E0B /* Grrind FitnessTests */,
				CE58FFAE243E364E009D5E0B /* Grrind FitnessUITests */,
				CE58FF8B243E364B009D5E0B /* Products */,
				711852B5F79419BB36E4E63F /* Pods */,
				A8F71146C108F508B24F0FDB /* Frameworks */,
			);
			sourceTree = "<group>";
		};
		CE58FF8B243E364B009D5E0B /* Products */ = {
			isa = PBXGroup;
			children = (
				CE58FF8A243E364B009D5E0B /* Grrind Fitness.app */,
				CE58FFA0243E364E009D5E0B /* Grrind FitnessTests.xctest */,
				CE58FFAB243E364E009D5E0B /* Grrind FitnessUITests.xctest */,
			);
			name = Products;
			sourceTree = "<group>";
		};
		CE58FF8C243E364B009D5E0B /* Grrind Fitness */ = {
			isa = PBXGroup;
			children = (
				B5AE8BA2245475B2000D4C87 /* Resources */,
				CE7FE911243E5B850065623E /* HelpingClasses */,
				CE81E7F62442513F00F7E126 /* Cells */,
				CE736951243FD1C100502D10 /* Models */,
				CE736950243FD1B400502D10 /* ViewModels */,
				CE73694F243FD18700502D10 /* ViewControllers */,
				CE58FF8D243E364B009D5E0B /* AppDelegate.swift */,
				CE58FF8F243E364B009D5E0B /* SceneDelegate.swift */,
				CE58FF93243E364B009D5E0B /* Main.storyboard */,
				CE58FF96243E364D009D5E0B /* Assets.xcassets */,
				CE58FF98243E364D009D5E0B /* LaunchScreen.storyboard */,
				CE58FF9B243E364D009D5E0B /* Info.plist */,
			);
			path = "Grrind Fitness";
			sourceTree = "<group>";
		};
		CE58FFA3243E364E009D5E0B /* Grrind FitnessTests */ = {
			isa = PBXGroup;
			children = (
				CE58FFA4243E364E009D5E0B /* Grrind_FitnessTests.swift */,
				CE58FFA6243E364E009D5E0B /* Info.plist */,
			);
			path = "Grrind FitnessTests";
			sourceTree = "<group>";
		};
		CE58FFAE243E364E009D5E0B /* Grrind FitnessUITests */ = {
			isa = PBXGroup;
			children = (
				CE58FFAF243E364E009D5E0B /* Grrind_FitnessUITests.swift */,
				CE58FFB1243E364E009D5E0B /* Info.plist */,
			);
			path = "Grrind FitnessUITests";
			sourceTree = "<group>";
		};
		CE73694F243FD18700502D10 /* ViewControllers */ = {
			isa = PBXGroup;
			children = (
				CE7FE914243E74C60065623E /* ForgotPasswordViewController.swift */,
				B55B1A95243F93C7005E3225 /* ResetPasswordViewController.swift */,
				CE58FF91243E364B009D5E0B /* ViewController.swift */,
				CE81E7F4244246EC00F7E126 /* SettingsViewController.swift */,
				B5B7FBF92444880D00423230 /* HomeViewController.swift */,
				B5B7FBFB2445CC5C00423230 /* RegisterViewController.swift */,
				B57916E42447217F00639FCF /* FacebookRegisterViewController.swift */,
				B5F94BA6245073F60011A593 /* AccountInfoViewController.swift */,
				B5AE8B8424546098000D4C87 /* UpdateEmailVC.swift */,
				B5AE8B86245461C8000D4C87 /* UpdatePasswordVC.swift */,
				B5AE8B882454620D000D4C87 /* PasswordResetPopUpVc.swift */,
				B5AE8B8A24546294000D4C87 /* OnBoardStepOneVC.swift */,
				B5AE8B8C245462B1000D4C87 /* OnBoardStepTwoVC.swift */,
				B5AE8B8E245462C6000D4C87 /* OnBoardStepThreeVC.swift */,
				B5AE8B9024546302000D4C87 /* TermsOfUseVC.swift */,
				B5AE8B9224546321000D4C87 /* PrivacyPolicyVC.swift */,
				B5AE8B942454633C000D4C87 /* ContactUsVC.swift */,
				B5AE8B9624546374000D4C87 /* FeedBackSentPopUpVC.swift */,
				B5AE8B9824546394000D4C87 /* CheckYourEmailPopUpVC.swift */,
				B5AE8B9A245463B9000D4C87 /* UnSavedChangesPopUpVC.swift */,
				B5AE8BA624547A35000D4C87 /* WorkoutVideoVC.swift */,
				B5AE8BAA2454B5D7000D4C87 /* AudioSettingsPopupVC.swift */,
				B5AE8BAC2454C1AA000D4C87 /* WorkoutLengthPopupVC.swift */,
				CE5C9A5D245739F700A18CC9 /* RemindersVC.swift */,
				CE5C9A612457418500A18CC9 /* AddRemindersVC.swift */,
			);
			path = ViewControllers;
			sourceTree = "<group>";
		};
		CE736950243FD1B400502D10 /* ViewModels */ = {
			isa = PBXGroup;
			children = (
				B5AE8B9C245468AD000D4C87 /* SettingsVM.swift */,
				B5AE8B9E2454704F000D4C87 /* AccountInfoVM.swift */,
				B5AE8BA024547268000D4C87 /* ContactUsVM.swift */,
				B5AE8BA824547A85000D4C87 /* WorkOutVideoVM.swift */,
				B5ECB26224585684004F8D04 /* RemindersVM.swift */,
			);
			path = ViewModels;
			sourceTree = "<group>";
		};
		CE736951243FD1C100502D10 /* Models */ = {
			isa = PBXGroup;
			children = (
			);
			path = Models;
			sourceTree = "<group>";
		};
		CE7FE911243E5B850065623E /* HelpingClasses */ = {
			isa = PBXGroup;
			children = (
				CE7FE912243E5BB90065623E /* Extentions.swift */,
				B55B1A972440D699005E3225 /* Constants.swift */,
			);
			path = HelpingClasses;
			sourceTree = "<group>";
		};
		CE81E7F62442513F00F7E126 /* Cells */ = {
			isa = PBXGroup;
			children = (
				CE81E7F72442514D00F7E126 /* TableCells */,
			);
			path = Cells;
			sourceTree = "<group>";
		};
		CE81E7F72442514D00F7E126 /* TableCells */ = {
			isa = PBXGroup;
			children = (
				CE81E7F82442517700F7E126 /* SettingsCell.swift */,
				B5F94BA8245085790011A593 /* AccountInfoCell.swift */,
				CE5C9A5F24573A2C00A18CC9 /* RemindersCell.swift */,
			);
			path = TableCells;
			sourceTree = "<group>";
		};
/* End PBXGroup section */

/* Begin PBXNativeTarget section */
		CE58FF89243E364B009D5E0B /* Grrind Fitness */ = {
			isa = PBXNativeTarget;
			buildConfigurationList = CE58FFB4243E364E009D5E0B /* Build configuration list for PBXNativeTarget "Grrind Fitness" */;
			buildPhases = (
				9868B09EA71AA290C16BDD59 /* [CP] Check Pods Manifest.lock */,
				CE58FF86243E364B009D5E0B /* Sources */,
				CE58FF87243E364B009D5E0B /* Frameworks */,
				CE58FF88243E364B009D5E0B /* Resources */,
				927857F4D7340D3812740520 /* [CP] Embed Pods Frameworks */,
			);
			buildRules = (
			);
			dependencies = (
			);
			name = "Grrind Fitness";
			productName = "Grrind Fitness";
			productReference = CE58FF8A243E364B009D5E0B /* Grrind Fitness.app */;
			productType = "com.apple.product-type.application";
		};
		CE58FF9F243E364E009D5E0B /* Grrind FitnessTests */ = {
			isa = PBXNativeTarget;
			buildConfigurationList = CE58FFB7243E364E009D5E0B /* Build configuration list for PBXNativeTarget "Grrind FitnessTests" */;
			buildPhases = (
				152A236317FDB7D94D201F5F /* [CP] Check Pods Manifest.lock */,
				CE58FF9C243E364E009D5E0B /* Sources */,
				CE58FF9D243E364E009D5E0B /* Frameworks */,
				CE58FF9E243E364E009D5E0B /* Resources */,
			);
			buildRules = (
			);
			dependencies = (
				CE58FFA2243E364E009D5E0B /* PBXTargetDependency */,
			);
			name = "Grrind FitnessTests";
			productName = "Grrind FitnessTests";
			productReference = CE58FFA0243E364E009D5E0B /* Grrind FitnessTests.xctest */;
			productType = "com.apple.product-type.bundle.unit-test";
		};
		CE58FFAA243E364E009D5E0B /* Grrind FitnessUITests */ = {
			isa = PBXNativeTarget;
			buildConfigurationList = CE58FFBA243E364E009D5E0B /* Build configuration list for PBXNativeTarget "Grrind FitnessUITests" */;
			buildPhases = (
				0CD60684D97455B61826384A /* [CP] Check Pods Manifest.lock */,
				CE58FFA7243E364E009D5E0B /* Sources */,
				CE58FFA8243E364E009D5E0B /* Frameworks */,
				CE58FFA9243E364E009D5E0B /* Resources */,
				25CE39F0EFB0ADF5220EDFA9 /* [CP] Embed Pods Frameworks */,
			);
			buildRules = (
			);
			dependencies = (
				CE58FFAD243E364E009D5E0B /* PBXTargetDependency */,
			);
			name = "Grrind FitnessUITests";
			productName = "Grrind FitnessUITests";
			productReference = CE58FFAB243E364E009D5E0B /* Grrind FitnessUITests.xctest */;
			productType = "com.apple.product-type.bundle.ui-testing";
		};
/* End PBXNativeTarget section */

/* Begin PBXProject section */
		CE58FF82243E364B009D5E0B /* Project object */ = {
			isa = PBXProject;
			attributes = {
				LastSwiftUpdateCheck = 1130;
				LastUpgradeCheck = 1130;
				ORGANIZATIONNAME = aulakh;
				TargetAttributes = {
					CE58FF89243E364B009D5E0B = {
						CreatedOnToolsVersion = 11.3;
					};
					CE58FF9F243E364E009D5E0B = {
						CreatedOnToolsVersion = 11.3;
						TestTargetID = CE58FF89243E364B009D5E0B;
					};
					CE58FFAA243E364E009D5E0B = {
						CreatedOnToolsVersion = 11.3;
						TestTargetID = CE58FF89243E364B009D5E0B;
					};
				};
			};
			buildConfigurationList = CE58FF85243E364B009D5E0B /* Build configuration list for PBXProject "Grrind Fitness" */;
			compatibilityVersion = "Xcode 9.3";
			developmentRegion = en;
			hasScannedForEncodings = 0;
			knownRegions = (
				en,
				Base,
			);
			mainGroup = CE58FF81243E364B009D5E0B;
			productRefGroup = CE58FF8B243E364B009D5E0B /* Products */;
			projectDirPath = "";
			projectRoot = "";
			targets = (
				CE58FF89243E364B009D5E0B /* Grrind Fitness */,
				CE58FF9F243E364E009D5E0B /* Grrind FitnessTests */,
				CE58FFAA243E364E009D5E0B /* Grrind FitnessUITests */,
			);
		};
/* End PBXProject section */

/* Begin PBXResourcesBuildPhase section */
		CE58FF88243E364B009D5E0B /* Resources */ = {
			isa = PBXResourcesBuildPhase;
			buildActionMask = 2147483647;
			files = (
				CE58FF9A243E364D009D5E0B /* LaunchScreen.storyboard in Resources */,
				CE58FF97243E364D009D5E0B /* Assets.xcassets in Resources */,
				CE58FF95243E364B009D5E0B /* Main.storyboard in Resources */,
				B5AE8BA5245475D1000D4C87 /* placeHolderPushUp.mp4 in Resources */,
			);
			runOnlyForDeploymentPostprocessing = 0;
		};
		CE58FF9E243E364E009D5E0B /* Resources */ = {
			isa = PBXResourcesBuildPhase;
			buildActionMask = 2147483647;
			files = (
			);
			runOnlyForDeploymentPostprocessing = 0;
		};
		CE58FFA9243E364E009D5E0B /* Resources */ = {
			isa = PBXResourcesBuildPhase;
			buildActionMask = 2147483647;
			files = (
			);
			runOnlyForDeploymentPostprocessing = 0;
		};
/* End PBXResourcesBuildPhase section */

/* Begin PBXShellScriptBuildPhase section */
		0CD60684D97455B61826384A /* [CP] Check Pods Manifest.lock */ = {
			isa = PBXShellScriptBuildPhase;
			buildActionMask = 2147483647;
			files = (
			);
			inputFileListPaths = (
			);
			inputPaths = (
				"${PODS_PODFILE_DIR_PATH}/Podfile.lock",
				"${PODS_ROOT}/Manifest.lock",
			);
			name = "[CP] Check Pods Manifest.lock";
			outputFileListPaths = (
			);
			outputPaths = (
				"$(DERIVED_FILE_DIR)/Pods-Grrind Fitness-Grrind FitnessUITests-checkManifestLockResult.txt",
			);
			runOnlyForDeploymentPostprocessing = 0;
			shellPath = /bin/sh;
			shellScript = "diff \"${PODS_PODFILE_DIR_PATH}/Podfile.lock\" \"${PODS_ROOT}/Manifest.lock\" > /dev/null\nif [ $? != 0 ] ; then\n    # print error to STDERR\n    echo \"error: The sandbox is not in sync with the Podfile.lock. Run 'pod install' or update your CocoaPods installation.\" >&2\n    exit 1\nfi\n# This output is used by Xcode 'outputs' to avoid re-running this script phase.\necho \"SUCCESS\" > \"${SCRIPT_OUTPUT_FILE_0}\"\n";
			showEnvVarsInLog = 0;
		};
		152A236317FDB7D94D201F5F /* [CP] Check Pods Manifest.lock */ = {
			isa = PBXShellScriptBuildPhase;
			buildActionMask = 2147483647;
			files = (
			);
			inputFileListPaths = (
			);
			inputPaths = (
				"${PODS_PODFILE_DIR_PATH}/Podfile.lock",
				"${PODS_ROOT}/Manifest.lock",
			);
			name = "[CP] Check Pods Manifest.lock";
			outputFileListPaths = (
			);
			outputPaths = (
				"$(DERIVED_FILE_DIR)/Pods-Grrind FitnessTests-checkManifestLockResult.txt",
			);
			runOnlyForDeploymentPostprocessing = 0;
			shellPath = /bin/sh;
			shellScript = "diff \"${PODS_PODFILE_DIR_PATH}/Podfile.lock\" \"${PODS_ROOT}/Manifest.lock\" > /dev/null\nif [ $? != 0 ] ; then\n    # print error to STDERR\n    echo \"error: The sandbox is not in sync with the Podfile.lock. Run 'pod install' or update your CocoaPods installation.\" >&2\n    exit 1\nfi\n# This output is used by Xcode 'outputs' to avoid re-running this script phase.\necho \"SUCCESS\" > \"${SCRIPT_OUTPUT_FILE_0}\"\n";
			showEnvVarsInLog = 0;
		};
		25CE39F0EFB0ADF5220EDFA9 /* [CP] Embed Pods Frameworks */ = {
			isa = PBXShellScriptBuildPhase;
			buildActionMask = 2147483647;
			files = (
			);
			inputFileListPaths = (
				"${PODS_ROOT}/Target Support Files/Pods-Grrind Fitness-Grrind FitnessUITests/Pods-Grrind Fitness-Grrind FitnessUITests-frameworks-${CONFIGURATION}-input-files.xcfilelist",
			);
			name = "[CP] Embed Pods Frameworks";
			outputFileListPaths = (
				"${PODS_ROOT}/Target Support Files/Pods-Grrind Fitness-Grrind FitnessUITests/Pods-Grrind Fitness-Grrind FitnessUITests-frameworks-${CONFIGURATION}-output-files.xcfilelist",
			);
			runOnlyForDeploymentPostprocessing = 0;
			shellPath = /bin/sh;
			shellScript = "\"${PODS_ROOT}/Target Support Files/Pods-Grrind Fitness-Grrind FitnessUITests/Pods-Grrind Fitness-Grrind FitnessUITests-frameworks.sh\"\n";
			showEnvVarsInLog = 0;
		};
		927857F4D7340D3812740520 /* [CP] Embed Pods Frameworks */ = {
			isa = PBXShellScriptBuildPhase;
			buildActionMask = 2147483647;
			files = (
			);
			inputFileListPaths = (
				"${PODS_ROOT}/Target Support Files/Pods-Grrind Fitness/Pods-Grrind Fitness-frameworks-${CONFIGURATION}-input-files.xcfilelist",
			);
			name = "[CP] Embed Pods Frameworks";
			outputFileListPaths = (
				"${PODS_ROOT}/Target Support Files/Pods-Grrind Fitness/Pods-Grrind Fitness-frameworks-${CONFIGURATION}-output-files.xcfilelist",
			);
			runOnlyForDeploymentPostprocessing = 0;
			shellPath = /bin/sh;
			shellScript = "\"${PODS_ROOT}/Target Support Files/Pods-Grrind Fitness/Pods-Grrind Fitness-frameworks.sh\"\n";
			showEnvVarsInLog = 0;
		};
		9868B09EA71AA290C16BDD59 /* [CP] Check Pods Manifest.lock */ = {
			isa = PBXShellScriptBuildPhase;
			buildActionMask = 2147483647;
			files = (
			);
			inputFileListPaths = (
			);
			inputPaths = (
				"${PODS_PODFILE_DIR_PATH}/Podfile.lock",
				"${PODS_ROOT}/Manifest.lock",
			);
			name = "[CP] Check Pods Manifest.lock";
			outputFileListPaths = (
			);
			outputPaths = (
				"$(DERIVED_FILE_DIR)/Pods-Grrind Fitness-checkManifestLockResult.txt",
			);
			runOnlyForDeploymentPostprocessing = 0;
			shellPath = /bin/sh;
			shellScript = "diff \"${PODS_PODFILE_DIR_PATH}/Podfile.lock\" \"${PODS_ROOT}/Manifest.lock\" > /dev/null\nif [ $? != 0 ] ; then\n    # print error to STDERR\n    echo \"error: The sandbox is not in sync with the Podfile.lock. Run 'pod install' or update your CocoaPods installation.\" >&2\n    exit 1\nfi\n# This output is used by Xcode 'outputs' to avoid re-running this script phase.\necho \"SUCCESS\" > \"${SCRIPT_OUTPUT_FILE_0}\"\n";
			showEnvVarsInLog = 0;
		};
/* End PBXShellScriptBuildPhase section */

/* Begin PBXSourcesBuildPhase section */
		CE58FF86243E364B009D5E0B /* Sources */ = {
			isa = PBXSourcesBuildPhase;
			buildActionMask = 2147483647;
			files = (
				B5AE8BAD2454C1AA000D4C87 /* WorkoutLengthPopupVC.swift in Sources */,
				B5AE8BA124547268000D4C87 /* ContactUsVM.swift in Sources */,
				CE5C9A622457418500A18CC9 /* AddRemindersVC.swift in Sources */,
				B5AE8B9724546374000D4C87 /* FeedBackSentPopUpVC.swift in Sources */,
				B5AE8B87245461C8000D4C87 /* UpdatePasswordVC.swift in Sources */,
				B5ECB26324585684004F8D04 /* RemindersVM.swift in Sources */,
				B5AE8BA924547A85000D4C87 /* WorkOutVideoVM.swift in Sources */,
				CE7FE913243E5BB90065623E /* Extentions.swift in Sources */,
				B5AE8BAB2454B5D7000D4C87 /* AudioSettingsPopupVC.swift in Sources */,
				B5AE8B8D245462B1000D4C87 /* OnBoardStepTwoVC.swift in Sources */,
				B5AE8B9B245463B9000D4C87 /* UnSavedChangesPopUpVC.swift in Sources */,
				B5F94BA9245085790011A593 /* AccountInfoCell.swift in Sources */,
				B5AE8B9F2454704F000D4C87 /* AccountInfoVM.swift in Sources */,
				B5B7FBFC2445CC5C00423230 /* RegisterViewController.swift in Sources */,
				B5AE8B892454620D000D4C87 /* PasswordResetPopUpVc.swift in Sources */,
				B5AE8B9D245468AD000D4C87 /* SettingsVM.swift in Sources */,
				B5AE8B9924546394000D4C87 /* CheckYourEmailPopUpVC.swift in Sources */,
				CE7FE915243E74C60065623E /* ForgotPasswordViewController.swift in Sources */,
				CE81E7F92442517700F7E126 /* SettingsCell.swift in Sources */,
				B5F94BA7245073F60011A593 /* AccountInfoViewController.swift in Sources */,
				B5AE8B8F245462C7000D4C87 /* OnBoardStepThreeVC.swift in Sources */,
				CE58FF92243E364B009D5E0B /* ViewController.swift in Sources */,
				B5AE8B8B24546294000D4C87 /* OnBoardStepOneVC.swift in Sources */,
				B5AE8B952454633C000D4C87 /* ContactUsVC.swift in Sources */,
				B55B1A96243F93C7005E3225 /* ResetPasswordViewController.swift in Sources */,
				B5B7FBFA2444880E00423230 /* HomeViewController.swift in Sources */,
				CE5C9A6024573A2C00A18CC9 /* RemindersCell.swift in Sources */,
				B55B1A982440D699005E3225 /* Constants.swift in Sources */,
				B5AE8B9324546321000D4C87 /* PrivacyPolicyVC.swift in Sources */,
				B5AE8B8524546098000D4C87 /* UpdateEmailVC.swift in Sources */,
				CE58FF8E243E364B009D5E0B /* AppDelegate.swift in Sources */,
				CE5C9A5E245739F700A18CC9 /* RemindersVC.swift in Sources */,
				B5AE8B9124546302000D4C87 /* TermsOfUseVC.swift in Sources */,
				B5AE8BA724547A35000D4C87 /* WorkoutVideoVC.swift in Sources */,
				B57916E52447217F00639FCF /* FacebookRegisterViewController.swift in Sources */,
				CE58FF90243E364B009D5E0B /* SceneDelegate.swift in Sources */,
				CE81E7F5244246EC00F7E126 /* SettingsViewController.swift in Sources */,
			);
			runOnlyForDeploymentPostprocessing = 0;
		};
		CE58FF9C243E364E009D5E0B /* Sources */ = {
			isa = PBXSourcesBuildPhase;
			buildActionMask = 2147483647;
			files = (
				CE58FFA5243E364E009D5E0B /* Grrind_FitnessTests.swift in Sources */,
			);
			runOnlyForDeploymentPostprocessing = 0;
		};
		CE58FFA7243E364E009D5E0B /* Sources */ = {
			isa = PBXSourcesBuildPhase;
			buildActionMask = 2147483647;
			files = (
				CE58FFB0243E364E009D5E0B /* Grrind_FitnessUITests.swift in Sources */,
			);
			runOnlyForDeploymentPostprocessing = 0;
		};
/* End PBXSourcesBuildPhase section */

/* Begin PBXTargetDependency section */
		CE58FFA2243E364E009D5E0B /* PBXTargetDependency */ = {
			isa = PBXTargetDependency;
			target = CE58FF89243E364B009D5E0B /* Grrind Fitness */;
			targetProxy = CE58FFA1243E364E009D5E0B /* PBXContainerItemProxy */;
		};
		CE58FFAD243E364E009D5E0B /* PBXTargetDependency */ = {
			isa = PBXTargetDependency;
			target = CE58FF89243E364B009D5E0B /* Grrind Fitness */;
			targetProxy = CE58FFAC243E364E009D5E0B /* PBXContainerItemProxy */;
		};
/* End PBXTargetDependency section */

/* Begin PBXVariantGroup section */
		CE58FF93243E364B009D5E0B /* Main.storyboard */ = {
			isa = PBXVariantGroup;
			children = (
				CE58FF94243E364B009D5E0B /* Base */,
			);
			name = Main.storyboard;
			sourceTree = "<group>";
		};
		CE58FF98243E364D009D5E0B /* LaunchScreen.storyboard */ = {
			isa = PBXVariantGroup;
			children = (
				CE58FF99243E364D009D5E0B /* Base */,
			);
			name = LaunchScreen.storyboard;
			sourceTree = "<group>";
		};
/* End PBXVariantGroup section */

/* Begin XCBuildConfiguration section */
		CE58FFB2243E364E009D5E0B /* Debug */ = {
			isa = XCBuildConfiguration;
			buildSettings = {
				ALWAYS_SEARCH_USER_PATHS = NO;
				CLANG_ANALYZER_NONNULL = YES;
				CLANG_ANALYZER_NUMBER_OBJECT_CONVERSION = YES_AGGRESSIVE;
				CLANG_CXX_LANGUAGE_STANDARD = "gnu++14";
				CLANG_CXX_LIBRARY = "libc++";
				CLANG_ENABLE_MODULES = YES;
				CLANG_ENABLE_OBJC_ARC = YES;
				CLANG_ENABLE_OBJC_WEAK = YES;
				CLANG_WARN_BLOCK_CAPTURE_AUTORELEASING = YES;
				CLANG_WARN_BOOL_CONVERSION = YES;
				CLANG_WARN_COMMA = YES;
				CLANG_WARN_CONSTANT_CONVERSION = YES;
				CLANG_WARN_DEPRECATED_OBJC_IMPLEMENTATIONS = YES;
				CLANG_WARN_DIRECT_OBJC_ISA_USAGE = YES_ERROR;
				CLANG_WARN_DOCUMENTATION_COMMENTS = YES;
				CLANG_WARN_EMPTY_BODY = YES;
				CLANG_WARN_ENUM_CONVERSION = YES;
				CLANG_WARN_INFINITE_RECURSION = YES;
				CLANG_WARN_INT_CONVERSION = YES;
				CLANG_WARN_NON_LITERAL_NULL_CONVERSION = YES;
				CLANG_WARN_OBJC_IMPLICIT_RETAIN_SELF = YES;
				CLANG_WARN_OBJC_LITERAL_CONVERSION = YES;
				CLANG_WARN_OBJC_ROOT_CLASS = YES_ERROR;
				CLANG_WARN_RANGE_LOOP_ANALYSIS = YES;
				CLANG_WARN_STRICT_PROTOTYPES = YES;
				CLANG_WARN_SUSPICIOUS_MOVE = YES;
				CLANG_WARN_UNGUARDED_AVAILABILITY = YES_AGGRESSIVE;
				CLANG_WARN_UNREACHABLE_CODE = YES;
				CLANG_WARN__DUPLICATE_METHOD_MATCH = YES;
				COPY_PHASE_STRIP = NO;
				DEBUG_INFORMATION_FORMAT = dwarf;
				ENABLE_STRICT_OBJC_MSGSEND = YES;
				ENABLE_TESTABILITY = YES;
				GCC_C_LANGUAGE_STANDARD = gnu11;
				GCC_DYNAMIC_NO_PIC = NO;
				GCC_NO_COMMON_BLOCKS = YES;
				GCC_OPTIMIZATION_LEVEL = 0;
				GCC_PREPROCESSOR_DEFINITIONS = (
					"DEBUG=1",
					"$(inherited)",
				);
				GCC_WARN_64_TO_32_BIT_CONVERSION = YES;
				GCC_WARN_ABOUT_RETURN_TYPE = YES_ERROR;
				GCC_WARN_UNDECLARED_SELECTOR = YES;
				GCC_WARN_UNINITIALIZED_AUTOS = YES_AGGRESSIVE;
				GCC_WARN_UNUSED_FUNCTION = YES;
				GCC_WARN_UNUSED_VARIABLE = YES;
				IPHONEOS_DEPLOYMENT_TARGET = 13.2;
				MTL_ENABLE_DEBUG_INFO = INCLUDE_SOURCE;
				MTL_FAST_MATH = YES;
				ONLY_ACTIVE_ARCH = YES;
				SDKROOT = iphoneos;
				SWIFT_ACTIVE_COMPILATION_CONDITIONS = DEBUG;
				SWIFT_OPTIMIZATION_LEVEL = "-Onone";
			};
			name = Debug;
		};
		CE58FFB3243E364E009D5E0B /* Release */ = {
			isa = XCBuildConfiguration;
			buildSettings = {
				ALWAYS_SEARCH_USER_PATHS = NO;
				CLANG_ANALYZER_NONNULL = YES;
				CLANG_ANALYZER_NUMBER_OBJECT_CONVERSION = YES_AGGRESSIVE;
				CLANG_CXX_LANGUAGE_STANDARD = "gnu++14";
				CLANG_CXX_LIBRARY = "libc++";
				CLANG_ENABLE_MODULES = YES;
				CLANG_ENABLE_OBJC_ARC = YES;
				CLANG_ENABLE_OBJC_WEAK = YES;
				CLANG_WARN_BLOCK_CAPTURE_AUTORELEASING = YES;
				CLANG_WARN_BOOL_CONVERSION = YES;
				CLANG_WARN_COMMA = YES;
				CLANG_WARN_CONSTANT_CONVERSION = YES;
				CLANG_WARN_DEPRECATED_OBJC_IMPLEMENTATIONS = YES;
				CLANG_WARN_DIRECT_OBJC_ISA_USAGE = YES_ERROR;
				CLANG_WARN_DOCUMENTATION_COMMENTS = YES;
				CLANG_WARN_EMPTY_BODY = YES;
				CLANG_WARN_ENUM_CONVERSION = YES;
				CLANG_WARN_INFINITE_RECURSION = YES;
				CLANG_WARN_INT_CONVERSION = YES;
				CLANG_WARN_NON_LITERAL_NULL_CONVERSION = YES;
				CLANG_WARN_OBJC_IMPLICIT_RETAIN_SELF = YES;
				CLANG_WARN_OBJC_LITERAL_CONVERSION = YES;
				CLANG_WARN_OBJC_ROOT_CLASS = YES_ERROR;
				CLANG_WARN_RANGE_LOOP_ANALYSIS = YES;
				CLANG_WARN_STRICT_PROTOTYPES = YES;
				CLANG_WARN_SUSPICIOUS_MOVE = YES;
				CLANG_WARN_UNGUARDED_AVAILABILITY = YES_AGGRESSIVE;
				CLANG_WARN_UNREACHABLE_CODE = YES;
				CLANG_WARN__DUPLICATE_METHOD_MATCH = YES;
				COPY_PHASE_STRIP = NO;
				DEBUG_INFORMATION_FORMAT = "dwarf-with-dsym";
				ENABLE_NS_ASSERTIONS = NO;
				ENABLE_STRICT_OBJC_MSGSEND = YES;
				GCC_C_LANGUAGE_STANDARD = gnu11;
				GCC_NO_COMMON_BLOCKS = YES;
				GCC_WARN_64_TO_32_BIT_CONVERSION = YES;
				GCC_WARN_ABOUT_RETURN_TYPE = YES_ERROR;
				GCC_WARN_UNDECLARED_SELECTOR = YES;
				GCC_WARN_UNINITIALIZED_AUTOS = YES_AGGRESSIVE;
				GCC_WARN_UNUSED_FUNCTION = YES;
				GCC_WARN_UNUSED_VARIABLE = YES;
				IPHONEOS_DEPLOYMENT_TARGET = 13.2;
				MTL_ENABLE_DEBUG_INFO = NO;
				MTL_FAST_MATH = YES;
				SDKROOT = iphoneos;
				SWIFT_COMPILATION_MODE = wholemodule;
				SWIFT_OPTIMIZATION_LEVEL = "-O";
				VALIDATE_PRODUCT = YES;
			};
			name = Release;
		};
		CE58FFB5243E364E009D5E0B /* Debug */ = {
			isa = XCBuildConfiguration;
			baseConfigurationReference = 3231BCB3CFA6BBC24DB33CC0 /* Pods-Grrind Fitness.debug.xcconfig */;
			buildSettings = {
				ASSETCATALOG_COMPILER_APPICON_NAME = AppIcon;
				CODE_SIGN_STYLE = Automatic;
				DEVELOPMENT_TEAM = GWTWNRG58B;
				INFOPLIST_FILE = "Grrind Fitness/Info.plist";
				LD_RUNPATH_SEARCH_PATHS = (
					"$(inherited)",
					"@executable_path/Frameworks",
				);
				PRODUCT_BUNDLE_IDENTIFIER = "singh.Grrind-Fitness";
				PRODUCT_NAME = "$(TARGET_NAME)";
				SWIFT_VERSION = 5.0;
				TARGETED_DEVICE_FAMILY = "1,2";
			};
			name = Debug;
		};
		CE58FFB6243E364E009D5E0B /* Release */ = {
			isa = XCBuildConfiguration;
			baseConfigurationReference = BC00B21BA7F0164C89F5ADCB /* Pods-Grrind Fitness.release.xcconfig */;
			buildSettings = {
				ASSETCATALOG_COMPILER_APPICON_NAME = AppIcon;
				CODE_SIGN_STYLE = Automatic;
				DEVELOPMENT_TEAM = GWTWNRG58B;
				INFOPLIST_FILE = "Grrind Fitness/Info.plist";
				LD_RUNPATH_SEARCH_PATHS = (
					"$(inherited)",
					"@executable_path/Frameworks",
				);
				PRODUCT_BUNDLE_IDENTIFIER = "singh.Grrind-Fitness";
				PRODUCT_NAME = "$(TARGET_NAME)";
				SWIFT_VERSION = 5.0;
				TARGETED_DEVICE_FAMILY = "1,2";
			};
			name = Release;
		};
		CE58FFB8243E364E009D5E0B /* Debug */ = {
			isa = XCBuildConfiguration;
			baseConfigurationReference = 84D2797FFBAE70E4E6D12F58 /* Pods-Grrind FitnessTests.debug.xcconfig */;
			buildSettings = {
				ALWAYS_EMBED_SWIFT_STANDARD_LIBRARIES = YES;
				BUNDLE_LOADER = "$(TEST_HOST)";
				CODE_SIGN_STYLE = Automatic;
				INFOPLIST_FILE = "Grrind FitnessTests/Info.plist";
				IPHONEOS_DEPLOYMENT_TARGET = 13.2;
				LD_RUNPATH_SEARCH_PATHS = (
					"$(inherited)",
					"@executable_path/Frameworks",
					"@loader_path/Frameworks",
				);
				PRODUCT_BUNDLE_IDENTIFIER = "singh.Grrind-FitnessTests";
				PRODUCT_NAME = "$(TARGET_NAME)";
				SWIFT_VERSION = 5.0;
				TARGETED_DEVICE_FAMILY = "1,2";
				TEST_HOST = "$(BUILT_PRODUCTS_DIR)/Grrind Fitness.app/Grrind Fitness";
			};
			name = Debug;
		};
		CE58FFB9243E364E009D5E0B /* Release */ = {
			isa = XCBuildConfiguration;
			baseConfigurationReference = FEEEC80B89143B9DC47B2213 /* Pods-Grrind FitnessTests.release.xcconfig */;
			buildSettings = {
				ALWAYS_EMBED_SWIFT_STANDARD_LIBRARIES = YES;
				BUNDLE_LOADER = "$(TEST_HOST)";
				CODE_SIGN_STYLE = Automatic;
				INFOPLIST_FILE = "Grrind FitnessTests/Info.plist";
				IPHONEOS_DEPLOYMENT_TARGET = 13.2;
				LD_RUNPATH_SEARCH_PATHS = (
					"$(inherited)",
					"@executable_path/Frameworks",
					"@loader_path/Frameworks",
				);
				PRODUCT_BUNDLE_IDENTIFIER = "singh.Grrind-FitnessTests";
				PRODUCT_NAME = "$(TARGET_NAME)";
				SWIFT_VERSION = 5.0;
				TARGETED_DEVICE_FAMILY = "1,2";
				TEST_HOST = "$(BUILT_PRODUCTS_DIR)/Grrind Fitness.app/Grrind Fitness";
			};
			name = Release;
		};
		CE58FFBB243E364E009D5E0B /* Debug */ = {
			isa = XCBuildConfiguration;
			baseConfigurationReference = 1DD904DAC334140124D9EF6E /* Pods-Grrind Fitness-Grrind FitnessUITests.debug.xcconfig */;
			buildSettings = {
				ALWAYS_EMBED_SWIFT_STANDARD_LIBRARIES = YES;
				CODE_SIGN_STYLE = Automatic;
				INFOPLIST_FILE = "Grrind FitnessUITests/Info.plist";
				LD_RUNPATH_SEARCH_PATHS = (
					"$(inherited)",
					"@executable_path/Frameworks",
					"@loader_path/Frameworks",
				);
				PRODUCT_BUNDLE_IDENTIFIER = "singh.Grrind-FitnessUITests";
				PRODUCT_NAME = "$(TARGET_NAME)";
				SWIFT_VERSION = 5.0;
				TARGETED_DEVICE_FAMILY = "1,2";
				TEST_TARGET_NAME = "Grrind Fitness";
			};
			name = Debug;
		};
		CE58FFBC243E364E009D5E0B /* Release */ = {
			isa = XCBuildConfiguration;
			baseConfigurationReference = 596916018D92F25177EC5425 /* Pods-Grrind Fitness-Grrind FitnessUITests.release.xcconfig */;
			buildSettings = {
				ALWAYS_EMBED_SWIFT_STANDARD_LIBRARIES = YES;
				CODE_SIGN_STYLE = Automatic;
				INFOPLIST_FILE = "Grrind FitnessUITests/Info.plist";
				LD_RUNPATH_SEARCH_PATHS = (
					"$(inherited)",
					"@executable_path/Frameworks",
					"@loader_path/Frameworks",
				);
				PRODUCT_BUNDLE_IDENTIFIER = "singh.Grrind-FitnessUITests";
				PRODUCT_NAME = "$(TARGET_NAME)";
				SWIFT_VERSION = 5.0;
				TARGETED_DEVICE_FAMILY = "1,2";
				TEST_TARGET_NAME = "Grrind Fitness";
			};
			name = Release;
		};
/* End XCBuildConfiguration section */

/* Begin XCConfigurationList section */
		CE58FF85243E364B009D5E0B /* Build configuration list for PBXProject "Grrind Fitness" */ = {
			isa = XCConfigurationList;
			buildConfigurations = (
				CE58FFB2243E364E009D5E0B /* Debug */,
				CE58FFB3243E364E009D5E0B /* Release */,
			);
			defaultConfigurationIsVisible = 0;
			defaultConfigurationName = Release;
		};
		CE58FFB4243E364E009D5E0B /* Build configuration list for PBXNativeTarget "Grrind Fitness" */ = {
			isa = XCConfigurationList;
			buildConfigurations = (
				CE58FFB5243E364E009D5E0B /* Debug */,
				CE58FFB6243E364E009D5E0B /* Release */,
			);
			defaultConfigurationIsVisible = 0;
			defaultConfigurationName = Release;
		};
		CE58FFB7243E364E009D5E0B /* Build configuration list for PBXNativeTarget "Grrind FitnessTests" */ = {
			isa = XCConfigurationList;
			buildConfigurations = (
				CE58FFB8243E364E009D5E0B /* Debug */,
				CE58FFB9243E364E009D5E0B /* Release */,
			);
			defaultConfigurationIsVisible = 0;
			defaultConfigurationName = Release;
		};
		CE58FFBA243E364E009D5E0B /* Build configuration list for PBXNativeTarget "Grrind FitnessUITests" */ = {
			isa = XCConfigurationList;
			buildConfigurations = (
				CE58FFBB243E364E009D5E0B /* Debug */,
				CE58FFBC243E364E009D5E0B /* Release */,
			);
			defaultConfigurationIsVisible = 0;
			defaultConfigurationName = Release;
		};
/* End XCConfigurationList section */
	};
	rootObject = CE58FF82243E364B009D5E0B /* Project object */;
}
